// !$*UTF8*$!
{
	archiveVersion = 1;
	classes = {
	};
	objectVersion = 46;
	objects = {

/* Begin PBXBuildFile section */
		09413A781E9DD11C00F3783E /* LoginToAppleMusicVC.swift in Sources */ = {isa = PBXBuildFile; fileRef = 09413A771E9DD11C00F3783E /* LoginToAppleMusicVC.swift */; };
		09413A7A1E9F418700F3783E /* SupportVC.swift in Sources */ = {isa = PBXBuildFile; fileRef = 09413A791E9F418700F3783E /* SupportVC.swift */; };
		094710621E485E1300DFBE4A /* Reachability.swift in Sources */ = {isa = PBXBuildFile; fileRef = 094710611E485E1300DFBE4A /* Reachability.swift */; };
		094994CF1E7E3A2E00024C5A /* LastFmConvenience.swift in Sources */ = {isa = PBXBuildFile; fileRef = 094994CE1E7E3A2E00024C5A /* LastFmConvenience.swift */; };
		094A17601E3F1A610040255E /* AppleMusicConvience.swift in Sources */ = {isa = PBXBuildFile; fileRef = 094A175F1E3F1A610040255E /* AppleMusicConvience.swift */; };
		094A17621E3F1A760040255E /* AppleMusicConstants.swift in Sources */ = {isa = PBXBuildFile; fileRef = 094A17611E3F1A760040255E /* AppleMusicConstants.swift */; };
		094A17641E3F1C380040255E /* ApiConvience.swift in Sources */ = {isa = PBXBuildFile; fileRef = 094A17631E3F1C380040255E /* ApiConvience.swift */; };
		094A17661E3F1C6A0040255E /* ApiConstants.swift in Sources */ = {isa = PBXBuildFile; fileRef = 094A17651E3F1C6A0040255E /* ApiConstants.swift */; };
		094A17681E3F3D920040255E /* AMSearchVC.swift in Sources */ = {isa = PBXBuildFile; fileRef = 094A17671E3F3D920040255E /* AMSearchVC.swift */; };
		095356BA1E2CAEB700F70B83 /* DraggableImage.swift in Sources */ = {isa = PBXBuildFile; fileRef = 095356B91E2CAEB700F70B83 /* DraggableImage.swift */; };
		0977A5751E2B776F00C554A8 /* AppDelegate.swift in Sources */ = {isa = PBXBuildFile; fileRef = 0977A5741E2B776F00C554A8 /* AppDelegate.swift */; };
		0977A57A1E2B776F00C554A8 /* Main.storyboard in Resources */ = {isa = PBXBuildFile; fileRef = 0977A5781E2B776F00C554A8 /* Main.storyboard */; };
		0977A57C1E2B777000C554A8 /* Assets.xcassets in Resources */ = {isa = PBXBuildFile; fileRef = 0977A57B1E2B777000C554A8 /* Assets.xcassets */; };
		0977A57F1E2B777000C554A8 /* LaunchScreen.storyboard in Resources */ = {isa = PBXBuildFile; fileRef = 0977A57D1E2B777000C554A8 /* LaunchScreen.storyboard */; };
		0977A5871E2B8CB000C554A8 /* CreatePlaylistVC.swift in Sources */ = {isa = PBXBuildFile; fileRef = 0977A5861E2B8CB000C554A8 /* CreatePlaylistVC.swift */; };
		0977A58A1E2B8E7400C554A8 /* PlaylistTableVC.swift in Sources */ = {isa = PBXBuildFile; fileRef = 0977A5891E2B8E7400C554A8 /* PlaylistTableVC.swift */; };
		098037071E758561007C6C91 /* AddSongsToPlaylistVC.swift in Sources */ = {isa = PBXBuildFile; fileRef = 098037061E758561007C6C91 /* AddSongsToPlaylistVC.swift */; };
		0981049C1E3DBB5D00070293 /* SongTableCell.swift in Sources */ = {isa = PBXBuildFile; fileRef = 0981049B1E3DBB5D00070293 /* SongTableCell.swift */; };
		09B7C0021E3806C7006FFE86 /* SongListTableVC.swift in Sources */ = {isa = PBXBuildFile; fileRef = 09B7C0011E3806C7006FFE86 /* SongListTableVC.swift */; };
		09B7C0051E380D29006FFE86 /* Model.xcdatamodeld in Sources */ = {isa = PBXBuildFile; fileRef = 09B7C0031E380D29006FFE86 /* Model.xcdatamodeld */; };
		09B7C00A1E381A18006FFE86 /* SavedSong+CoreDataClass.swift in Sources */ = {isa = PBXBuildFile; fileRef = 09B7C0061E381A18006FFE86 /* SavedSong+CoreDataClass.swift */; };
		09B7C00B1E381A18006FFE86 /* SavedSong+CoreDataProperties.swift in Sources */ = {isa = PBXBuildFile; fileRef = 09B7C0071E381A18006FFE86 /* SavedSong+CoreDataProperties.swift */; };
		09B7C00C1E381A18006FFE86 /* Playlist+CoreDataClass.swift in Sources */ = {isa = PBXBuildFile; fileRef = 09B7C0081E381A18006FFE86 /* Playlist+CoreDataClass.swift */; };
		09B7C00D1E381A18006FFE86 /* Playlist+CoreDataProperties.swift in Sources */ = {isa = PBXBuildFile; fileRef = 09B7C0091E381A18006FFE86 /* Playlist+CoreDataProperties.swift */; };
		09B7C00F1E381ABB006FFE86 /* CoreDataStack.swift in Sources */ = {isa = PBXBuildFile; fileRef = 09B7C00E1E381ABB006FFE86 /* CoreDataStack.swift */; };
		09B973371E7E728000E27E3D /* LastFmConstants.swift in Sources */ = {isa = PBXBuildFile; fileRef = 09B973361E7E728000E27E3D /* LastFmConstants.swift */; };
		09C149361E330D8300742BE1 /* Song.swift in Sources */ = {isa = PBXBuildFile; fileRef = 09C149351E330D8300742BE1 /* Song.swift */; };
		09D5A6491E911E750058661A /* SimilarSong.swift in Sources */ = {isa = PBXBuildFile; fileRef = 09D5A6481E911E750058661A /* SimilarSong.swift */; };
		09E3DEAF1E42B7130019C163 /* Global.swift in Sources */ = {isa = PBXBuildFile; fileRef = 09E3DEAE1E42B7130019C163 /* Global.swift */; };
		09F27F2E1E302D9D00F763AD /* BorderedButton.swift in Sources */ = {isa = PBXBuildFile; fileRef = 09F27F2D1E302D9D00F763AD /* BorderedButton.swift */; };
		09FC72B81E3C061900C08A06 /* CoreDataTableVC.swift in Sources */ = {isa = PBXBuildFile; fileRef = 09FC72B71E3C061900C08A06 /* CoreDataTableVC.swift */; };
/* End PBXBuildFile section */

/* Begin PBXFileReference section */
		09413A771E9DD11C00F3783E /* LoginToAppleMusicVC.swift */ = {isa = PBXFileReference; fileEncoding = 4; lastKnownFileType = sourcecode.swift; path = LoginToAppleMusicVC.swift; sourceTree = "<group>"; };
		09413A791E9F418700F3783E /* SupportVC.swift */ = {isa = PBXFileReference; fileEncoding = 4; lastKnownFileType = sourcecode.swift; path = SupportVC.swift; sourceTree = "<group>"; };
		094710611E485E1300DFBE4A /* Reachability.swift */ = {isa = PBXFileReference; fileEncoding = 4; lastKnownFileType = sourcecode.swift; path = Reachability.swift; sourceTree = "<group>"; };
		094994CE1E7E3A2E00024C5A /* LastFmConvenience.swift */ = {isa = PBXFileReference; fileEncoding = 4; lastKnownFileType = sourcecode.swift; path = LastFmConvenience.swift; sourceTree = "<group>"; };
		094A175F1E3F1A610040255E /* AppleMusicConvience.swift */ = {isa = PBXFileReference; fileEncoding = 4; lastKnownFileType = sourcecode.swift; path = AppleMusicConvience.swift; sourceTree = "<group>"; };
		094A17611E3F1A760040255E /* AppleMusicConstants.swift */ = {isa = PBXFileReference; fileEncoding = 4; lastKnownFileType = sourcecode.swift; path = AppleMusicConstants.swift; sourceTree = "<group>"; };
		094A17631E3F1C380040255E /* ApiConvience.swift */ = {isa = PBXFileReference; fileEncoding = 4; lastKnownFileType = sourcecode.swift; path = ApiConvience.swift; sourceTree = "<group>"; };
		094A17651E3F1C6A0040255E /* ApiConstants.swift */ = {isa = PBXFileReference; fileEncoding = 4; lastKnownFileType = sourcecode.swift; path = ApiConstants.swift; sourceTree = "<group>"; };
		094A17671E3F3D920040255E /* AMSearchVC.swift */ = {isa = PBXFileReference; fileEncoding = 4; lastKnownFileType = sourcecode.swift; path = AMSearchVC.swift; sourceTree = "<group>"; };
		095356B91E2CAEB700F70B83 /* DraggableImage.swift */ = {isa = PBXFileReference; fileEncoding = 4; lastKnownFileType = sourcecode.swift; path = DraggableImage.swift; sourceTree = "<group>"; };
		0977A5711E2B776F00C554A8 /* Playlist Cheetah.app */ = {isa = PBXFileReference; explicitFileType = wrapper.application; includeInIndex = 0; path = "Playlist Cheetah.app"; sourceTree = BUILT_PRODUCTS_DIR; };
		0977A5741E2B776F00C554A8 /* AppDelegate.swift */ = {isa = PBXFileReference; lastKnownFileType = sourcecode.swift; path = AppDelegate.swift; sourceTree = "<group>"; };
		0977A5791E2B776F00C554A8 /* Base */ = {isa = PBXFileReference; lastKnownFileType = file.storyboard; name = Base; path = Base.lproj/Main.storyboard; sourceTree = "<group>"; };
		0977A57B1E2B777000C554A8 /* Assets.xcassets */ = {isa = PBXFileReference; lastKnownFileType = folder.assetcatalog; path = Assets.xcassets; sourceTree = "<group>"; };
		0977A57E1E2B777000C554A8 /* Base */ = {isa = PBXFileReference; lastKnownFileType = file.storyboard; name = Base; path = Base.lproj/LaunchScreen.storyboard; sourceTree = "<group>"; };
		0977A5801E2B777000C554A8 /* Info.plist */ = {isa = PBXFileReference; lastKnownFileType = text.plist.xml; path = Info.plist; sourceTree = "<group>"; };
		0977A5861E2B8CB000C554A8 /* CreatePlaylistVC.swift */ = {isa = PBXFileReference; fileEncoding = 4; lastKnownFileType = sourcecode.swift; path = CreatePlaylistVC.swift; sourceTree = "<group>"; };
		0977A5891E2B8E7400C554A8 /* PlaylistTableVC.swift */ = {isa = PBXFileReference; fileEncoding = 4; lastKnownFileType = sourcecode.swift; path = PlaylistTableVC.swift; sourceTree = "<group>"; };
		098037061E758561007C6C91 /* AddSongsToPlaylistVC.swift */ = {isa = PBXFileReference; fileEncoding = 4; lastKnownFileType = sourcecode.swift; path = AddSongsToPlaylistVC.swift; sourceTree = "<group>"; };
		0981049B1E3DBB5D00070293 /* SongTableCell.swift */ = {isa = PBXFileReference; fileEncoding = 4; lastKnownFileType = sourcecode.swift; path = SongTableCell.swift; sourceTree = "<group>"; };
		09B7C0011E3806C7006FFE86 /* SongListTableVC.swift */ = {isa = PBXFileReference; fileEncoding = 4; lastKnownFileType = sourcecode.swift; path = SongListTableVC.swift; sourceTree = "<group>"; };
		09B7C0041E380D29006FFE86 /* Model.xcdatamodel */ = {isa = PBXFileReference; lastKnownFileType = wrapper.xcdatamodel; path = Model.xcdatamodel; sourceTree = "<group>"; };
		09B7C0061E381A18006FFE86 /* SavedSong+CoreDataClass.swift */ = {isa = PBXFileReference; fileEncoding = 4; lastKnownFileType = sourcecode.swift; name = "SavedSong+CoreDataClass.swift"; path = "../SavedSong+CoreDataClass.swift"; sourceTree = "<group>"; };
		09B7C0071E381A18006FFE86 /* SavedSong+CoreDataProperties.swift */ = {isa = PBXFileReference; fileEncoding = 4; lastKnownFileType = sourcecode.swift; name = "SavedSong+CoreDataProperties.swift"; path = "../SavedSong+CoreDataProperties.swift"; sourceTree = "<group>"; };
		09B7C0081E381A18006FFE86 /* Playlist+CoreDataClass.swift */ = {isa = PBXFileReference; fileEncoding = 4; lastKnownFileType = sourcecode.swift; name = "Playlist+CoreDataClass.swift"; path = "../Playlist+CoreDataClass.swift"; sourceTree = "<group>"; };
		09B7C0091E381A18006FFE86 /* Playlist+CoreDataProperties.swift */ = {isa = PBXFileReference; fileEncoding = 4; lastKnownFileType = sourcecode.swift; name = "Playlist+CoreDataProperties.swift"; path = "../Playlist+CoreDataProperties.swift"; sourceTree = "<group>"; };
		09B7C00E1E381ABB006FFE86 /* CoreDataStack.swift */ = {isa = PBXFileReference; fileEncoding = 4; lastKnownFileType = sourcecode.swift; path = CoreDataStack.swift; sourceTree = "<group>"; };
		09B973361E7E728000E27E3D /* LastFmConstants.swift */ = {isa = PBXFileReference; fileEncoding = 4; lastKnownFileType = sourcecode.swift; path = LastFmConstants.swift; sourceTree = "<group>"; };
		09C149351E330D8300742BE1 /* Song.swift */ = {isa = PBXFileReference; fileEncoding = 4; lastKnownFileType = sourcecode.swift; path = Song.swift; sourceTree = "<group>"; };
		09D5A6481E911E750058661A /* SimilarSong.swift */ = {isa = PBXFileReference; fileEncoding = 4; lastKnownFileType = sourcecode.swift; path = SimilarSong.swift; sourceTree = "<group>"; };
		09E3DEAE1E42B7130019C163 /* Global.swift */ = {isa = PBXFileReference; fileEncoding = 4; lastKnownFileType = sourcecode.swift; path = Global.swift; sourceTree = "<group>"; };
		09F27F2D1E302D9D00F763AD /* BorderedButton.swift */ = {isa = PBXFileReference; fileEncoding = 4; lastKnownFileType = sourcecode.swift; path = BorderedButton.swift; sourceTree = "<group>"; };
		09FC72B71E3C061900C08A06 /* CoreDataTableVC.swift */ = {isa = PBXFileReference; fileEncoding = 4; lastKnownFileType = sourcecode.swift; path = CoreDataTableVC.swift; sourceTree = "<group>"; };
/* End PBXFileReference section */

/* Begin PBXFrameworksBuildPhase section */
		0977A56E1E2B776F00C554A8 /* Frameworks */ = {
			isa = PBXFrameworksBuildPhase;
			buildActionMask = 2147483647;
			files = (
			);
			runOnlyForDeploymentPostprocessing = 0;
		};
/* End PBXFrameworksBuildPhase section */

/* Begin PBXGroup section */
		094710631E485E3600DFBE4A /* Utilities */ = {
			isa = PBXGroup;
			children = (
				0977A5741E2B776F00C554A8 /* AppDelegate.swift */,
				0977A5801E2B777000C554A8 /* Info.plist */,
				0977A5781E2B776F00C554A8 /* Main.storyboard */,
				094710611E485E1300DFBE4A /* Reachability.swift */,
				0977A57B1E2B777000C554A8 /* Assets.xcassets */,
				0977A57D1E2B777000C554A8 /* LaunchScreen.storyboard */,
			);
			name = Utilities;
			sourceTree = "<group>";
		};
		094A175D1E3F1A1E0040255E /* Objects */ = {
			isa = PBXGroup;
			children = (
				09C149351E330D8300742BE1 /* Song.swift */,
				09B7C0081E381A18006FFE86 /* Playlist+CoreDataClass.swift */,
				09B7C0061E381A18006FFE86 /* SavedSong+CoreDataClass.swift */,
				09E3DEAE1E42B7130019C163 /* Global.swift */,
				09D5A6481E911E750058661A /* SimilarSong.swift */,
			);
			name = Objects;
			sourceTree = "<group>";
		};
		094A175E1E3F1A360040255E /* Clients */ = {
			isa = PBXGroup;
			children = (
				094A175F1E3F1A610040255E /* AppleMusicConvience.swift */,
				094A17611E3F1A760040255E /* AppleMusicConstants.swift */,
				094A17631E3F1C380040255E /* ApiConvience.swift */,
				094A17651E3F1C6A0040255E /* ApiConstants.swift */,
				094994CE1E7E3A2E00024C5A /* LastFmConvenience.swift */,
				09B973361E7E728000E27E3D /* LastFmConstants.swift */,
			);
			name = Clients;
			sourceTree = "<group>";
		};
		095356B71E2CAE6A00F70B83 /* View */ = {
			isa = PBXGroup;
			children = (
				095356B91E2CAEB700F70B83 /* DraggableImage.swift */,
				09F27F2D1E302D9D00F763AD /* BorderedButton.swift */,
				0981049B1E3DBB5D00070293 /* SongTableCell.swift */,
			);
			name = View;
			sourceTree = "<group>";
		};
		095356B81E2CAE7300F70B83 /* Model */ = {
			isa = PBXGroup;
			children = (
				094A175E1E3F1A360040255E /* Clients */,
				094A175D1E3F1A1E0040255E /* Objects */,
				09B7C0101E381D8A006FFE86 /* Properties */,
				09B7C0031E380D29006FFE86 /* Model.xcdatamodeld */,
				09B7C00E1E381ABB006FFE86 /* CoreDataStack.swift */,
			);
			name = Model;
			sourceTree = "<group>";
		};
		0977A5681E2B776F00C554A8 = {
			isa = PBXGroup;
			children = (
				0977A5731E2B776F00C554A8 /* Fast Playist Maker */,
				0977A5721E2B776F00C554A8 /* Products */,
			);
			sourceTree = "<group>";
		};
		0977A5721E2B776F00C554A8 /* Products */ = {
			isa = PBXGroup;
			children = (
				0977A5711E2B776F00C554A8 /* Playlist Cheetah.app */,
			);
			name = Products;
			sourceTree = "<group>";
		};
		0977A5731E2B776F00C554A8 /* Fast Playist Maker */ = {
			isa = PBXGroup;
			children = (
				095356B81E2CAE7300F70B83 /* Model */,
				095356B71E2CAE6A00F70B83 /* View */,
				0977A5881E2B8E4900C554A8 /* Controller */,
				094710631E485E3600DFBE4A /* Utilities */,
			);
			path = "Fast Playist Maker";
			sourceTree = "<group>";
		};
		0977A5881E2B8E4900C554A8 /* Controller */ = {
			isa = PBXGroup;
			children = (
				0977A5861E2B8CB000C554A8 /* CreatePlaylistVC.swift */,
				0977A5891E2B8E7400C554A8 /* PlaylistTableVC.swift */,
				09B7C0011E3806C7006FFE86 /* SongListTableVC.swift */,
				09FC72B71E3C061900C08A06 /* CoreDataTableVC.swift */,
				094A17671E3F3D920040255E /* AMSearchVC.swift */,
				098037061E758561007C6C91 /* AddSongsToPlaylistVC.swift */,
				09413A771E9DD11C00F3783E /* LoginToAppleMusicVC.swift */,
				09413A791E9F418700F3783E /* SupportVC.swift */,
			);
			name = Controller;
			sourceTree = "<group>";
		};
		09B7C0101E381D8A006FFE86 /* Properties */ = {
			isa = PBXGroup;
			children = (
				09B7C0071E381A18006FFE86 /* SavedSong+CoreDataProperties.swift */,
				09B7C0091E381A18006FFE86 /* Playlist+CoreDataProperties.swift */,
			);
			name = Properties;
			sourceTree = "<group>";
		};
/* End PBXGroup section */

/* Begin PBXNativeTarget section */
		0977A5701E2B776F00C554A8 /* Fast Playist Maker */ = {
			isa = PBXNativeTarget;
			buildConfigurationList = 0977A5831E2B777000C554A8 /* Build configuration list for PBXNativeTarget "Fast Playist Maker" */;
			buildPhases = (
				0977A56D1E2B776F00C554A8 /* Sources */,
				0977A56E1E2B776F00C554A8 /* Frameworks */,
				0977A56F1E2B776F00C554A8 /* Resources */,
			);
			buildRules = (
			);
			dependencies = (
			);
			name = "Fast Playist Maker";
			productName = "Fast Playist Maker";
			productReference = 0977A5711E2B776F00C554A8 /* Playlist Cheetah.app */;
			productType = "com.apple.product-type.application";
		};
/* End PBXNativeTarget section */

/* Begin PBXProject section */
		0977A5691E2B776F00C554A8 /* Project object */ = {
			isa = PBXProject;
			attributes = {
				LastSwiftUpdateCheck = 0810;
				LastUpgradeCheck = 0810;
				ORGANIZATIONNAME = "Ashton Morgan";
				TargetAttributes = {
					0977A5701E2B776F00C554A8 = {
						CreatedOnToolsVersion = 8.1;
						DevelopmentTeam = Z89QL7GP4Y;
						ProvisioningStyle = Manual;
						SystemCapabilities = {
							com.apple.BackgroundModes = {
								enabled = 1;
							};
						};
					};
				};
			};
			buildConfigurationList = 0977A56C1E2B776F00C554A8 /* Build configuration list for PBXProject "Fast Playist Maker" */;
			compatibilityVersion = "Xcode 3.2";
			developmentRegion = English;
			hasScannedForEncodings = 0;
			knownRegions = (
				en,
				Base,
			);
			mainGroup = 0977A5681E2B776F00C554A8;
			productRefGroup = 0977A5721E2B776F00C554A8 /* Products */;
			projectDirPath = "";
			projectRoot = "";
			targets = (
				0977A5701E2B776F00C554A8 /* Fast Playist Maker */,
			);
		};
/* End PBXProject section */

/* Begin PBXResourcesBuildPhase section */
		0977A56F1E2B776F00C554A8 /* Resources */ = {
			isa = PBXResourcesBuildPhase;
			buildActionMask = 2147483647;
			files = (
				0977A57F1E2B777000C554A8 /* LaunchScreen.storyboard in Resources */,
				0977A57C1E2B777000C554A8 /* Assets.xcassets in Resources */,
				0977A57A1E2B776F00C554A8 /* Main.storyboard in Resources */,
			);
			runOnlyForDeploymentPostprocessing = 0;
		};
/* End PBXResourcesBuildPhase section */

/* Begin PBXSourcesBuildPhase section */
		0977A56D1E2B776F00C554A8 /* Sources */ = {
			isa = PBXSourcesBuildPhase;
			buildActionMask = 2147483647;
			files = (
				094A17641E3F1C380040255E /* ApiConvience.swift in Sources */,
				09B7C00D1E381A18006FFE86 /* Playlist+CoreDataProperties.swift in Sources */,
				09C149361E330D8300742BE1 /* Song.swift in Sources */,
				0977A5871E2B8CB000C554A8 /* CreatePlaylistVC.swift in Sources */,
				09F27F2E1E302D9D00F763AD /* BorderedButton.swift in Sources */,
				098037071E758561007C6C91 /* AddSongsToPlaylistVC.swift in Sources */,
				09E3DEAF1E42B7130019C163 /* Global.swift in Sources */,
				09413A781E9DD11C00F3783E /* LoginToAppleMusicVC.swift in Sources */,
				09B7C0021E3806C7006FFE86 /* SongListTableVC.swift in Sources */,
				09B7C00C1E381A18006FFE86 /* Playlist+CoreDataClass.swift in Sources */,
				094A17601E3F1A610040255E /* AppleMusicConvience.swift in Sources */,
				09D5A6491E911E750058661A /* SimilarSong.swift in Sources */,
				094A17621E3F1A760040255E /* AppleMusicConstants.swift in Sources */,
				09B7C00F1E381ABB006FFE86 /* CoreDataStack.swift in Sources */,
				094A17681E3F3D920040255E /* AMSearchVC.swift in Sources */,
				09FC72B81E3C061900C08A06 /* CoreDataTableVC.swift in Sources */,
				094994CF1E7E3A2E00024C5A /* LastFmConvenience.swift in Sources */,
				09B973371E7E728000E27E3D /* LastFmConstants.swift in Sources */,
				094A17661E3F1C6A0040255E /* ApiConstants.swift in Sources */,
				09B7C00B1E381A18006FFE86 /* SavedSong+CoreDataProperties.swift in Sources */,
				09413A7A1E9F418700F3783E /* SupportVC.swift in Sources */,
				09B7C0051E380D29006FFE86 /* Model.xcdatamodeld in Sources */,
				09B7C00A1E381A18006FFE86 /* SavedSong+CoreDataClass.swift in Sources */,
				0977A5751E2B776F00C554A8 /* AppDelegate.swift in Sources */,
				094710621E485E1300DFBE4A /* Reachability.swift in Sources */,
				0981049C1E3DBB5D00070293 /* SongTableCell.swift in Sources */,
				095356BA1E2CAEB700F70B83 /* DraggableImage.swift in Sources */,
				0977A58A1E2B8E7400C554A8 /* PlaylistTableVC.swift in Sources */,
			);
			runOnlyForDeploymentPostprocessing = 0;
		};
/* End PBXSourcesBuildPhase section */

/* Begin PBXVariantGroup section */
		0977A5781E2B776F00C554A8 /* Main.storyboard */ = {
			isa = PBXVariantGroup;
			children = (
				0977A5791E2B776F00C554A8 /* Base */,
			);
			name = Main.storyboard;
			sourceTree = "<group>";
		};
		0977A57D1E2B777000C554A8 /* LaunchScreen.storyboard */ = {
			isa = PBXVariantGroup;
			children = (
				0977A57E1E2B777000C554A8 /* Base */,
			);
			name = LaunchScreen.storyboard;
			sourceTree = "<group>";
		};
/* End PBXVariantGroup section */

/* Begin XCBuildConfiguration section */
		0977A5811E2B777000C554A8 /* Debug */ = {
			isa = XCBuildConfiguration;
			buildSettings = {
				ALWAYS_SEARCH_USER_PATHS = NO;
				CLANG_ANALYZER_NONNULL = YES;
				CLANG_CXX_LANGUAGE_STANDARD = "gnu++0x";
				CLANG_CXX_LIBRARY = "libc++";
				CLANG_ENABLE_MODULES = YES;
				CLANG_ENABLE_OBJC_ARC = YES;
				CLANG_WARN_BOOL_CONVERSION = YES;
				CLANG_WARN_CONSTANT_CONVERSION = YES;
				CLANG_WARN_DIRECT_OBJC_ISA_USAGE = YES_ERROR;
				CLANG_WARN_DOCUMENTATION_COMMENTS = YES;
				CLANG_WARN_EMPTY_BODY = YES;
				CLANG_WARN_ENUM_CONVERSION = YES;
				CLANG_WARN_INFINITE_RECURSION = YES;
				CLANG_WARN_INT_CONVERSION = YES;
				CLANG_WARN_OBJC_ROOT_CLASS = YES_ERROR;
				CLANG_WARN_SUSPICIOUS_MOVES = YES;
				CLANG_WARN_UNREACHABLE_CODE = YES;
				CLANG_WARN__DUPLICATE_METHOD_MATCH = YES;
				"CODE_SIGN_IDENTITY[sdk=iphoneos*]" = "iPhone Developer";
				COPY_PHASE_STRIP = NO;
				DEBUG_INFORMATION_FORMAT = dwarf;
				ENABLE_STRICT_OBJC_MSGSEND = YES;
				ENABLE_TESTABILITY = YES;
				GCC_C_LANGUAGE_STANDARD = gnu99;
				GCC_DYNAMIC_NO_PIC = NO;
				GCC_NO_COMMON_BLOCKS = YES;
				GCC_OPTIMIZATION_LEVEL = 0;
				GCC_PREPROCESSOR_DEFINITIONS = (
					"DEBUG=1",
					"$(inherited)",
				);
				GCC_WARN_64_TO_32_BIT_CONVERSION = YES;
				GCC_WARN_ABOUT_RETURN_TYPE = YES_ERROR;
				GCC_WARN_UNDECLARED_SELECTOR = YES;
				GCC_WARN_UNINITIALIZED_AUTOS = YES_AGGRESSIVE;
				GCC_WARN_UNUSED_FUNCTION = YES;
				GCC_WARN_UNUSED_VARIABLE = YES;
				IPHONEOS_DEPLOYMENT_TARGET = 10.1;
				MTL_ENABLE_DEBUG_INFO = YES;
				ONLY_ACTIVE_ARCH = YES;
				SDKROOT = iphoneos;
				SWIFT_ACTIVE_COMPILATION_CONDITIONS = DEBUG;
				SWIFT_OPTIMIZATION_LEVEL = "-Onone";
				TARGETED_DEVICE_FAMILY = "1,2";
			};
			name = Debug;
		};
		0977A5821E2B777000C554A8 /* Release */ = {
			isa = XCBuildConfiguration;
			buildSettings = {
				ALWAYS_SEARCH_USER_PATHS = NO;
				CLANG_ANALYZER_NONNULL = YES;
				CLANG_CXX_LANGUAGE_STANDARD = "gnu++0x";
				CLANG_CXX_LIBRARY = "libc++";
				CLANG_ENABLE_MODULES = YES;
				CLANG_ENABLE_OBJC_ARC = YES;
				CLANG_WARN_BOOL_CONVERSION = YES;
				CLANG_WARN_CONSTANT_CONVERSION = YES;
				CLANG_WARN_DIRECT_OBJC_ISA_USAGE = YES_ERROR;
				CLANG_WARN_DOCUMENTATION_COMMENTS = YES;
				CLANG_WARN_EMPTY_BODY = YES;
				CLANG_WARN_ENUM_CONVERSION = YES;
				CLANG_WARN_INFINITE_RECURSION = YES;
				CLANG_WARN_INT_CONVERSION = YES;
				CLANG_WARN_OBJC_ROOT_CLASS = YES_ERROR;
				CLANG_WARN_SUSPICIOUS_MOVES = YES;
				CLANG_WARN_UNREACHABLE_CODE = YES;
				CLANG_WARN__DUPLICATE_METHOD_MATCH = YES;
				"CODE_SIGN_IDENTITY[sdk=iphoneos*]" = "iPhone Developer";
				COPY_PHASE_STRIP = NO;
				DEBUG_INFORMATION_FORMAT = "dwarf-with-dsym";
				ENABLE_NS_ASSERTIONS = NO;
				ENABLE_STRICT_OBJC_MSGSEND = YES;
				GCC_C_LANGUAGE_STANDARD = gnu99;
				GCC_NO_COMMON_BLOCKS = YES;
				GCC_WARN_64_TO_32_BIT_CONVERSION = YES;
				GCC_WARN_ABOUT_RETURN_TYPE = YES_ERROR;
				GCC_WARN_UNDECLARED_SELECTOR = YES;
				GCC_WARN_UNINITIALIZED_AUTOS = YES_AGGRESSIVE;
				GCC_WARN_UNUSED_FUNCTION = YES;
				GCC_WARN_UNUSED_VARIABLE = YES;
				IPHONEOS_DEPLOYMENT_TARGET = 10.1;
				MTL_ENABLE_DEBUG_INFO = NO;
				SDKROOT = iphoneos;
				SWIFT_OPTIMIZATION_LEVEL = "-Owholemodule";
				TARGETED_DEVICE_FAMILY = "1,2";
				VALIDATE_PRODUCT = YES;
			};
			name = Release;
		};
		0977A5841E2B777000C554A8 /* Debug */ = {
			isa = XCBuildConfiguration;
			buildSettings = {
				ASSETCATALOG_COMPILER_APPICON_NAME = AppIcon;
				CODE_SIGN_IDENTITY = "iPhone Developer: Deshae Morgan (6U6L84D2JU)";
				"CODE_SIGN_IDENTITY[sdk=iphoneos*]" = "iPhone Developer: Deshae Morgan (6U6L84D2JU)";
				DEVELOPMENT_TEAM = Z89QL7GP4Y;
				INFOPLIST_FILE = "Fast Playist Maker/Info.plist";
				IPHONEOS_DEPLOYMENT_TARGET = 10.0;
				LD_RUNPATH_SEARCH_PATHS = "$(inherited) @executable_path/Frameworks";
				PRODUCT_BUNDLE_IDENTIFIER = com.algebet.playlistcheetah1Xz;
				PRODUCT_NAME = "Playlist Cheetah";
				PROVISIONING_PROFILE = "09ab8a91-0dec-44e3-bfe1-e65a2c987c8b";
				PROVISIONING_PROFILE_SPECIFIER = "Ashton Morgan";
				SWIFT_VERSION = 3.0;
			};
			name = Debug;
		};
		0977A5851E2B777000C554A8 /* Release */ = {
			isa = XCBuildConfiguration;
			buildSettings = {
				ASSETCATALOG_COMPILER_APPICON_NAME = AppIcon;
				CODE_SIGN_IDENTITY = "iPhone Distribution: Ashton Morgan (Z89QL7GP4Y)";
				"CODE_SIGN_IDENTITY[sdk=iphoneos*]" = "iPhone Distribution: Ashton Morgan (Z89QL7GP4Y)";
				DEVELOPMENT_TEAM = Z89QL7GP4Y;
				INFOPLIST_FILE = "Fast Playist Maker/Info.plist";
				IPHONEOS_DEPLOYMENT_TARGET = 10.0;
				LD_RUNPATH_SEARCH_PATHS = "$(inherited) @executable_path/Frameworks";
				PRODUCT_BUNDLE_IDENTIFIER = com.algebet.playlistcheetah1Xz;
				PRODUCT_NAME = "Playlist Cheetah";
				PROVISIONING_PROFILE = "5def5a11-490c-41f8-9cb9-f5f6268cbeb0";
				PROVISIONING_PROFILE_SPECIFIER = "Playlist Cheetah";
				SWIFT_VERSION = 3.0;
			};
			name = Release;
		};
/* End XCBuildConfiguration section */

/* Begin XCConfigurationList section */
		0977A56C1E2B776F00C554A8 /* Build configuration list for PBXProject "Fast Playist Maker" */ = {
			isa = XCConfigurationList;
			buildConfigurations = (
				0977A5811E2B777000C554A8 /* Debug */,
				0977A5821E2B777000C554A8 /* Release */,
			);
			defaultConfigurationIsVisible = 0;
			defaultConfigurationName = Release;
		};
		0977A5831E2B777000C554A8 /* Build configuration list for PBXNativeTarget "Fast Playist Maker" */ = {
			isa = XCConfigurationList;
			buildConfigurations = (
				0977A5841E2B777000C554A8 /* Debug */,
				0977A5851E2B777000C554A8 /* Release */,
			);
			defaultConfigurationIsVisible = 0;
			defaultConfigurationName = Release;
		};
/* End XCConfigurationList section */

/* Begin XCVersionGroup section */
		09B7C0031E380D29006FFE86 /* Model.xcdatamodeld */ = {
			isa = XCVersionGroup;
			children = (
				09B7C0041E380D29006FFE86 /* Model.xcdatamodel */,
			);
			currentVersion = 09B7C0041E380D29006FFE86 /* Model.xcdatamodel */;
			path = Model.xcdatamodeld;
			sourceTree = "<group>";
			versionGroupType = wrapper.xcdatamodel;
		};
/* End XCVersionGroup section */
	};
	rootObject = 0977A5691E2B776F00C554A8 /* Project object */;
}
